
Microsoft Visual Studio Solution File, Format Version 12.00
# Visual Studio Version 17
VisualStudioVersion = 17.3.32825.248
MinimumVisualStudioVersion = 10.0.40219.1
Project("{8BC9CEB8-8B4A-11D0-8D11-00A0C91BC942}") = "arithmetic operations", "arithmetic operations.vcxproj", "{3897739F-AEF9-4465-9AFD-6BE2A3F2290C}"
EndProject
Global
	GlobalSection(SolutionConfigurationPlatforms) = preSolution
		Debug|x64 = Debug|x64
		Debug|x86 = Debug|x86
		Release|x64 = Release|x64
		Release|x86 = Release|x86
	EndGlobalSection
	GlobalSection(ProjectConfigurationPlatforms) = postSolution
		{3897739F-AEF9-4465-9AFD-6BE2A3F2290C}.Debug|x64.ActiveCfg = Debug|x64
		{3897739F-AEF9-4465-9AFD-6BE2A3F2290C}.Debug|x64.Build.0 = Debug|x64
		{3897739F-AEF9-4465-9AFD-6BE2A3F2290C}.Debug|x86.ActiveCfg = Debug|Win32
		{3897739F-AEF9-4465-9AFD-6BE2A3F2290C}.Debug|x86.Build.0 = Debug|Win32
		{3897739F-AEF9-4465-9AFD-6BE2A3F2290C}.Release|x64.ActiveCfg = Release|x64
		{3897739F-AEF9-4465-9AFD-6BE2A3F2290C}.Release|x64.Build.0 = Release|x64
		{3897739F-AEF9-4465-9AFD-6BE2A3F2290C}.Release|x86.ActiveCfg = Release|Win32
		{3897739F-AEF9-4465-9AFD-6BE2A3F2290C}.Release|x86.Build.0 = Release|Win32
	EndGlobalSection
	GlobalSection(SolutionProperties) = preSolution
		HideSolutionNode = FALSE
	EndGlobalSection
	GlobalSection(ExtensibilityGlobals) = postSolution
		SolutionGuid = {13698CE6-7FD7-4B16-9410-58221D635D05}
	EndGlobalSection
EndGlobal
